Microsoft Visual Studio Solution File, Format Version 12.00
# Visual Studio Version 17
VisualStudioVersion = 17.5.2.0
MinimumVisualStudioVersion = 10.0.40219.1
Project("{FAE04EC0-301F-11D3-BF4B-00C04F79EFBC}") = "rian-p01-back", "rian-p01-back.csproj", "{393ED15E-A068-1D9C-BB5C-05B541DD5EB0}"
EndProject
Project("{FAE04EC0-301F-11D3-BF4B-00C04F79EFBC}") = "tests", "Tests\tests.csproj", "{3BD9ED1C-324F-4EF4-9194-935DCFDA5AE1}"
EndProject
Global
	GlobalSection(SolutionConfigurationPlatforms) = preSolution
		Debug|Any CPU = Debug|Any CPU
		Release|Any CPU = Release|Any CPU
	EndGlobalSection
	GlobalSection(ProjectConfigurationPlatforms) = postSolution
		{393ED15E-A068-1D9C-BB5C-05B541DD5EB0}.Debug|Any CPU.ActiveCfg = Debug|Any CPU
		{393ED15E-A068-1D9C-BB5C-05B541DD5EB0}.Debug|Any CPU.Build.0 = Debug|Any CPU
		{393ED15E-A068-1D9C-BB5C-05B541DD5EB0}.Release|Any CPU.ActiveCfg = Release|Any CPU
		{393ED15E-A068-1D9C-BB5C-05B541DD5EB0}.Release|Any CPU.Build.0 = Release|Any CPU
		{3BD9ED1C-324F-4EF4-9194-935DCFDA5AE1}.Debug|Any CPU.ActiveCfg = Debug|Any CPU
		{3BD9ED1C-324F-4EF4-9194-935DCFDA5AE1}.Debug|Any CPU.Build.0 = Debug|Any CPU
		{3BD9ED1C-324F-4EF4-9194-935DCFDA5AE1}.Release|Any CPU.ActiveCfg = Release|Any CPU
		{3BD9ED1C-324F-4EF4-9194-935DCFDA5AE1}.Release|Any CPU.Build.0 = Release|Any CPU
	EndGlobalSection
	GlobalSection(SolutionProperties) = preSolution
		HideSolutionNode = FALSE
	EndGlobalSection
	GlobalSection(ExtensibilityGlobals) = postSolution
		SolutionGuid = {B7432EE8-7B7F-4BCD-A5D4-DEB873907D6D}
	EndGlobalSection
EndGlobal
